
Microsoft Visual Studio Solution File, Format Version 12.00
Project("{FAE04EC0-301F-11D3-BF4B-00C04F79EFBC}") = "Bouchonnois", "Bouchonnois\Bouchonnois.csproj", "{72387935-98B9-4F0C-92E8-C913AB0F717B}"
EndProject
Project("{FAE04EC0-301F-11D3-BF4B-00C04F79EFBC}") = "Bouchonnois.Tests", "Bouchonnois.Tests\Bouchonnois.Tests.csproj", "{AF39D535-93F3-4BFC-809F-7F2C9CA53080}"
EndProject
Global
	GlobalSection(SolutionConfigurationPlatforms) = preSolution
		Debug|Any CPU = Debug|Any CPU
		Release|Any CPU = Release|Any CPU
	EndGlobalSection
	GlobalSection(ProjectConfigurationPlatforms) = postSolution
		{72387935-98B9-4F0C-92E8-C913AB0F717B}.Debug|Any CPU.ActiveCfg = Debug|Any CPU
		{72387935-98B9-4F0C-92E8-C913AB0F717B}.Debug|Any CPU.Build.0 = Debug|Any CPU
		{72387935-98B9-4F0C-92E8-C913AB0F717B}.Release|Any CPU.ActiveCfg = Release|Any CPU
		{72387935-98B9-4F0C-92E8-C913AB0F717B}.Release|Any CPU.Build.0 = Release|Any CPU
		{AF39D535-93F3-4BFC-809F-7F2C9CA53080}.Debug|Any CPU.ActiveCfg = Debug|Any CPU
		{AF39D535-93F3-4BFC-809F-7F2C9CA53080}.Debug|Any CPU.Build.0 = Debug|Any CPU
		{AF39D535-93F3-4BFC-809F-7F2C9CA53080}.Release|Any CPU.ActiveCfg = Release|Any CPU
		{AF39D535-93F3-4BFC-809F-7F2C9CA53080}.Release|Any CPU.Build.0 = Release|Any CPU
	EndGlobalSection
EndGlobal
